
Microsoft Visual Studio Solution File, Format Version 12.00
# Visual Studio Version 17
VisualStudioVersion = 17.5.002.0
MinimumVisualStudioVersion = 10.0.40219.1
Project("{9A19103F-16F7-4668-BE54-9A1E7A4F7556}") = "DevSampleImperiale", "DevSampleImperiale.csproj", "{143295EE-5235-45FB-903F-318CC1A62381}"
EndProject
Global
	GlobalSection(SolutionConfigurationPlatforms) = preSolution
		Debug|Any CPU = Debug|Any CPU
		Release|Any CPU = Release|Any CPU
	EndGlobalSection
	GlobalSection(ProjectConfigurationPlatforms) = postSolution
		{143295EE-5235-45FB-903F-318CC1A62381}.Debug|Any CPU.ActiveCfg = Debug|Any CPU
		{143295EE-5235-45FB-903F-318CC1A62381}.Debug|Any CPU.Build.0 = Debug|Any CPU
		{143295EE-5235-45FB-903F-318CC1A62381}.Release|Any CPU.ActiveCfg = Release|Any CPU
		{143295EE-5235-45FB-903F-318CC1A62381}.Release|Any CPU.Build.0 = Release|Any CPU
	EndGlobalSection
	GlobalSection(SolutionProperties) = preSolution
		HideSolutionNode = FALSE
	EndGlobalSection
	GlobalSection(ExtensibilityGlobals) = postSolution
		SolutionGuid = {0C185301-6B14-4467-9747-AFFCE0FED7FC}
	EndGlobalSection
EndGlobal
